
Microsoft Visual Studio Solution File, Format Version 12.00
# Visual Studio Version 16
VisualStudioVersion = 16.0.29905.134
MinimumVisualStudioVersion = 10.0.40219.1
Project("{FAE04EC0-301F-11D3-BF4B-00C04F79EFBC}") = "SolidPriciplePixogram.Web", "SolidPriciplePixogram\SolidPriciplePixogram.Web.csproj", "{ECBE460F-8BB3-4D26-B639-15DA59BAC1CC}"
EndProject
Project("{FAE04EC0-301F-11D3-BF4B-00C04F79EFBC}") = "SolidPriciplePixogram.BussinessLayer", "SolidPriciplePixogram.BussinessLayer\SolidPriciplePixogram.BussinessLayer.csproj", "{3B68C82A-E7A2-4E6C-8D92-B3F7A9E95146}"
EndProject
Project("{FAE04EC0-301F-11D3-BF4B-00C04F79EFBC}") = "SolidPriciplePixogram.Entities", "SolidPriciplePixogram.Entities\SolidPriciplePixogram.Entities.csproj", "{7BBCC10D-830E-404A-BC8B-2B6AE4F023B7}"
EndProject
Global
	GlobalSection(SolutionConfigurationPlatforms) = preSolution
		Debug|Any CPU = Debug|Any CPU
		Release|Any CPU = Release|Any CPU
	EndGlobalSection
	GlobalSection(ProjectConfigurationPlatforms) = postSolution
		{ECBE460F-8BB3-4D26-B639-15DA59BAC1CC}.Debug|Any CPU.ActiveCfg = Debug|Any CPU
		{ECBE460F-8BB3-4D26-B639-15DA59BAC1CC}.Debug|Any CPU.Build.0 = Debug|Any CPU
		{ECBE460F-8BB3-4D26-B639-15DA59BAC1CC}.Release|Any CPU.ActiveCfg = Release|Any CPU
		{ECBE460F-8BB3-4D26-B639-15DA59BAC1CC}.Release|Any CPU.Build.0 = Release|Any CPU
		{3B68C82A-E7A2-4E6C-8D92-B3F7A9E95146}.Debug|Any CPU.ActiveCfg = Debug|Any CPU
		{3B68C82A-E7A2-4E6C-8D92-B3F7A9E95146}.Debug|Any CPU.Build.0 = Debug|Any CPU
		{3B68C82A-E7A2-4E6C-8D92-B3F7A9E95146}.Release|Any CPU.ActiveCfg = Release|Any CPU
		{3B68C82A-E7A2-4E6C-8D92-B3F7A9E95146}.Release|Any CPU.Build.0 = Release|Any CPU
		{7BBCC10D-830E-404A-BC8B-2B6AE4F023B7}.Debug|Any CPU.ActiveCfg = Debug|Any CPU
		{7BBCC10D-830E-404A-BC8B-2B6AE4F023B7}.Debug|Any CPU.Build.0 = Debug|Any CPU
		{7BBCC10D-830E-404A-BC8B-2B6AE4F023B7}.Release|Any CPU.ActiveCfg = Release|Any CPU
		{7BBCC10D-830E-404A-BC8B-2B6AE4F023B7}.Release|Any CPU.Build.0 = Release|Any CPU
	EndGlobalSection
	GlobalSection(SolutionProperties) = preSolution
		HideSolutionNode = FALSE
	EndGlobalSection
	GlobalSection(ExtensibilityGlobals) = postSolution
		SolutionGuid = {F99601F6-5207-4577-94F7-5B869FE732AF}
	EndGlobalSection
EndGlobal
